
Microsoft Visual Studio Solution File, Format Version 12.00
# Visual Studio 15
VisualStudioVersion = 15.0.27130.2003
MinimumVisualStudioVersion = 10.0.40219.1
Project("{6EC3EE1D-3C4E-46DD-8F32-0CC8E7565705}") = "RemuneracaoMagistrados", "RemuneracaoMagistrados\RemuneracaoMagistrados.fsproj", "{E47C0FAD-0A47-41FE-BE64-E23851E49FF6}"
EndProject
Global
	GlobalSection(SolutionConfigurationPlatforms) = preSolution
		Debug|Any CPU = Debug|Any CPU
		Release|Any CPU = Release|Any CPU
	EndGlobalSection
	GlobalSection(ProjectConfigurationPlatforms) = postSolution
		{E47C0FAD-0A47-41FE-BE64-E23851E49FF6}.Debug|Any CPU.ActiveCfg = Debug|Any CPU
		{E47C0FAD-0A47-41FE-BE64-E23851E49FF6}.Debug|Any CPU.Build.0 = Debug|Any CPU
		{E47C0FAD-0A47-41FE-BE64-E23851E49FF6}.Release|Any CPU.ActiveCfg = Release|Any CPU
		{E47C0FAD-0A47-41FE-BE64-E23851E49FF6}.Release|Any CPU.Build.0 = Release|Any CPU
	EndGlobalSection
	GlobalSection(SolutionProperties) = preSolution
		HideSolutionNode = FALSE
	EndGlobalSection
	GlobalSection(ExtensibilityGlobals) = postSolution
		SolutionGuid = {F72E66F0-AB9D-4AA7-AC80-8E1B93A22CB4}
	EndGlobalSection
EndGlobal
